schema: '2.0'
stages:
  download_dataset:
    cmd: python src/data/download_dataset.py
    deps:
    - path: src/data/download_dataset.py
      hash: md5
      md5: e0177b4ad41d2f9e96001a5f355d5dda
      size: 433
    outs:
    - path: data/raw/DL Dataset/test.txt
      hash: md5
      md5: a1cab28ad8554fd9269d31e5708469d0
      size: 32724891
    - path: data/raw/DL Dataset/train.txt
      hash: md5
      md5: 13fd241a41370119612d5b00b0433009
      size: 93921671
    - path: data/raw/DL Dataset/val.txt
      hash: md5
      md5: 7b1e28b1e91582c6f36e85517c3cc6ee
      size: 46258330
  preprocessing:
    cmd: python src/preprocessing/preprocessing.py
    deps:
    - path: data/raw/DL Dataset/test.txt
      hash: md5
      md5: a1cab28ad8554fd9269d31e5708469d0
      size: 32724891
    - path: data/raw/DL Dataset/train.txt
      hash: md5
      md5: 13fd241a41370119612d5b00b0433009
      size: 93921671
    - path: data/raw/DL Dataset/val.txt
      hash: md5
      md5: 7b1e28b1e91582c6f36e85517c3cc6ee
      size: 46258330
    - path: src/preprocessing/preprocessing.py
      hash: md5
      md5: 7de323856988d65a74f78c2aeebe57e5
      size: 447
    outs:
    - path: data/interim/char_index.joblib
      hash: md5
      md5: 941dc7e5461b0a429941866a00102b8c
      size: 444
    - path: data/interim/x_data.joblib
      hash: md5
      md5: 3a8ed50453840c8f1e45b95cb6f052c1
      size: 1540043570
    - path: data/interim/y_data.joblib
      hash: md5
      md5: 10e92ac598ab2028a2fae42cc4f88be4
      size: 15400794
  model_train:
    cmd: python src/model/model_train.py
    deps:
    - path: data/interim/char_index.joblib
      hash: md5
      md5: 941dc7e5461b0a429941866a00102b8c
      size: 444
    - path: data/interim/x_data.joblib
      hash: md5
      md5: 3a8ed50453840c8f1e45b95cb6f052c1
      size: 1540043570
    - path: data/interim/y_data.joblib
      hash: md5
      md5: 10e92ac598ab2028a2fae42cc4f88be4
      size: 15400794
    - path: src/model/model_train.py
      hash: md5
      md5: 7bbdb7bd75d946089150df6947e03b36
      size: 3038
    outs:
    - path: data/interim/hist.joblib
      hash: md5
      md5: 80d259175f4249e05692bc851f352a2d
      size: 5472834
    - path: data/interim/model.joblib
      hash: md5
      md5: 573867e0d2268537382bb05e4de0d354
      size: 5472586
  model_predict:
    cmd: python src/model/model_predict.py
    deps:
    - path: data/interim/hist.joblib
      hash: md5
      md5: 80d259175f4249e05692bc851f352a2d
      size: 5472834
    - path: data/interim/model.joblib
      hash: md5
      md5: 573867e0d2268537382bb05e4de0d354
      size: 5472586
    - path: src/model/model_predict.py
      hash: md5
      md5: 89145432eac464cc3d9fee4e927f81d0
      size: 2678
    outs:
    - path: data/interim/confusion_mat.joblib
      hash: md5
      md5: 0e423543035d415a11a195c676958b87
      size: 257
    - path: data/interim/report.joblib
      hash: md5
      md5: 3b9051b5458a50bf047b74a866685165
      size: 344
    - path: output/metrics.json
      hash: md5
      md5: 3387bce7d218190d8293ea16a00717df
      size: 233
  upload_model:
    cmd: python src/model/upload_model.py
    deps:
    - path: data/interim/model.joblib
      hash: md5
      md5: 573867e0d2268537382bb05e4de0d354
      size: 5472586
    - path: src/model/upload_model.py
      hash: md5
      md5: e87c13aec3edd9b890218e3c12661cf5
      size: 654
    outs:
    - path: output/model_id
      hash: md5
      md5: 3022648cec9e59449fe796a83ec1635c
      size: 36
