schema: '2.0'
stages:
  download_dataset:
    cmd: python src/data/download_dataset.py
    deps:
    - path: src/data/download_dataset.py
      hash: md5
      md5: 36a9c76c491dd8ab5c77074f425610f0
      size: 448
    outs:
    - path: data/raw/DL Dataset/test.txt
      hash: md5
      md5: a1cab28ad8554fd9269d31e5708469d0
      size: 32724891
      isexec: true
    - path: data/raw/DL Dataset/train.txt
      hash: md5
      md5: 13fd241a41370119612d5b00b0433009
      size: 93921671
      isexec: true
    - path: data/raw/DL Dataset/val.txt
      hash: md5
      md5: 7b1e28b1e91582c6f36e85517c3cc6ee
      size: 46258330
      isexec: true
  preprocessing:
    cmd: python src/preprocessing/preprocessing.py
    deps:
    - path: data/raw/DL Dataset/test.txt
      hash: md5
      md5: a1cab28ad8554fd9269d31e5708469d0
      size: 32724891
    - path: data/raw/DL Dataset/train.txt
      hash: md5
      md5: 13fd241a41370119612d5b00b0433009
      size: 93921671
    - path: data/raw/DL Dataset/val.txt
      hash: md5
      md5: 7b1e28b1e91582c6f36e85517c3cc6ee
      size: 46258330
    - path: src/preprocessing/preprocessing.py
      hash: md5
      md5: 56583c3d03dbdcaabd454387e538cddb
      size: 478
    outs:
    - path: data/interim/char_index.joblib
      hash: md5
      md5: 941dc7e5461b0a429941866a00102b8c
      size: 444
      isexec: true
    - path: data/interim/x_data.joblib
      hash: md5
      md5: 3a8ed50453840c8f1e45b95cb6f052c1
      size: 1540043570
      isexec: true
    - path: data/interim/y_data.joblib
      hash: md5
      md5: 10e92ac598ab2028a2fae42cc4f88be4
      size: 15400794
      isexec: true
  model_train:
    cmd: python src/model/model_train.py
    deps:
    - path: data/interim/char_index.joblib
      hash: md5
      md5: 941dc7e5461b0a429941866a00102b8c
      size: 444
    - path: data/interim/x_data.joblib
      hash: md5
      md5: 3a8ed50453840c8f1e45b95cb6f052c1
      size: 1540043570
    - path: data/interim/y_data.joblib
      hash: md5
      md5: 10e92ac598ab2028a2fae42cc4f88be4
      size: 15400794
    - path: src/model/model_train.py
      hash: md5
      md5: f22f385b9a3d62b10e15d22cf1ef1cdf
      size: 3006
    outs:
    - path: data/interim/hist.joblib
      hash: md5
      md5: 3078bd815895ef34e54b214d9cf2f47b
      size: 5472834
      isexec: true
    - path: data/interim/model.joblib
      hash: md5
      md5: 55a875301198bbd98ed909bc6e07a8c3
      size: 5472586
      isexec: true
  model_predict:
    cmd: python src/model/model_predict.py
    deps:
    - path: data/interim/hist.joblib
      hash: md5
      md5: 3078bd815895ef34e54b214d9cf2f47b
      size: 5472834
    - path: data/interim/model.joblib
      hash: md5
      md5: 55a875301198bbd98ed909bc6e07a8c3
      size: 5472586
    - path: src/model/model_predict.py
      hash: md5
      md5: b19c1c103ccca01de6a7a69909f64dbe
      size: 2552
    outs:
    - path: data/interim/confusion_mat.joblib
      hash: md5
      md5: 4913e68062d30500d1f429f066f80e7f
      size: 257
      isexec: true
    - path: data/interim/report.joblib
      hash: md5
      md5: c49c5f1c934d20dbdf7a85b1a062a677
      size: 344
      isexec: true
    - path: output/metrics.json
      hash: md5
      md5: b33dc4112c8e28b20e9d7c976b3a0044
      size: 234
      isexec: true
  upload_model:
    cmd: python src/model/upload_model.py
    deps:
    - path: data/interim/model.joblib
      hash: md5
      md5: 55a875301198bbd98ed909bc6e07a8c3
      size: 5472586
    - path: src/model/upload_model.py
      hash: md5
      md5: 29a5639213fba126b52bef0051275020
      size: 646
    outs:
    - path: output/model_id
      hash: md5
      md5: bc6719632c8169edb75c9d1f8b5fd224
      size: 36
      isexec: true
